
Microsoft Visual Studio Solution File, Format Version 12.00
# Visual Studio Version 16
VisualStudioVersion = 16.0.29519.181
MinimumVisualStudioVersion = 10.0.40219.1
Project("{FAE04EC0-301F-11D3-BF4B-00C04F79EFBC}") = "RazorPagesUI", "RazorPagesUI\RazorPagesUI.csproj", "{723CACF2-E7E9-4DEC-BD10-6C6A7E1AD19B}"
EndProject
Global
	GlobalSection(SolutionConfigurationPlatforms) = preSolution
		Debug|Any CPU = Debug|Any CPU
		Release|Any CPU = Release|Any CPU
	EndGlobalSection
	GlobalSection(ProjectConfigurationPlatforms) = postSolution
		{723CACF2-E7E9-4DEC-BD10-6C6A7E1AD19B}.Debug|Any CPU.ActiveCfg = Debug|Any CPU
		{723CACF2-E7E9-4DEC-BD10-6C6A7E1AD19B}.Debug|Any CPU.Build.0 = Debug|Any CPU
		{723CACF2-E7E9-4DEC-BD10-6C6A7E1AD19B}.Release|Any CPU.ActiveCfg = Release|Any CPU
		{723CACF2-E7E9-4DEC-BD10-6C6A7E1AD19B}.Release|Any CPU.Build.0 = Release|Any CPU
	EndGlobalSection
	GlobalSection(SolutionProperties) = preSolution
		HideSolutionNode = FALSE
	EndGlobalSection
	GlobalSection(ExtensibilityGlobals) = postSolution
		SolutionGuid = {B8361A36-03BC-4DA2-8452-7A62A8BEB5CF}
	EndGlobalSection
EndGlobal
